Microsoft Visual Studio Solution File, Format Version 12.00
# Visual Studio Version 17
VisualStudioVersion = 17.5.2.0
MinimumVisualStudioVersion = 10.0.40219.1
Project("{FAE04EC0-301F-11D3-BF4B-00C04F79EFBC}") = "SkillSyncAPI", "SkillSyncAPI\SkillSyncAPI.csproj", "{B7BF9114-77AF-9035-D85A-12B2351D5456}"
EndProject
Global
	GlobalSection(SolutionConfigurationPlatforms) = preSolution
		Debug|Any CPU = Debug|Any CPU
		Release|Any CPU = Release|Any CPU
	EndGlobalSection
	GlobalSection(ProjectConfigurationPlatforms) = postSolution
		{B7BF9114-77AF-9035-D85A-12B2351D5456}.Debug|Any CPU.ActiveCfg = Debug|Any CPU
		{B7BF9114-77AF-9035-D85A-12B2351D5456}.Debug|Any CPU.Build.0 = Debug|Any CPU
		{B7BF9114-77AF-9035-D85A-12B2351D5456}.Release|Any CPU.ActiveCfg = Release|Any CPU
		{B7BF9114-77AF-9035-D85A-12B2351D5456}.Release|Any CPU.Build.0 = Release|Any CPU
	EndGlobalSection
	GlobalSection(SolutionProperties) = preSolution
		HideSolutionNode = FALSE
	EndGlobalSection
	GlobalSection(ExtensibilityGlobals) = postSolution
		SolutionGuid = {776B5464-8F75-4A83-8F6D-DDB0A8799383}
	EndGlobalSection
EndGlobal
